{
  "nodes": {
    "any-nix-shell": {
      "inputs": {
        "flake-utils": "flake-utils",
        "nixpkgs": [
          "nixpkgs"
        ]
      },
      "locked": {
        "lastModified": 1713381970,
        "narHash": "sha256-c8+5tGI08JEQ+cjsyj1VT3+FTkqrlHrFjnN6Dmy2eRM=",
        "owner": "The1Penguin",
        "repo": "any-nix-shell",
        "rev": "a1203dd080a6ce1a57314fdce7ff903c82f330a2",
        "type": "github"
      },
      "original": {
        "owner": "The1Penguin",
        "ref": "nix_develop",
        "repo": "any-nix-shell",
        "type": "github"
      }
    },
    "flake-utils": {
      "inputs": {
        "systems": "systems"
      },
      "locked": {
        "lastModified": 1701680307,
        "narHash": "sha256-kAuep2h5ajznlPMD9rnQyffWG8EM/C73lejGofXvdM8=",
        "owner": "numtide",
        "repo": "flake-utils",
        "rev": "4022d587cbbfd70fe950c1e2083a02621806a725",
        "type": "github"
      },
      "original": {
        "owner": "numtide",
        "repo": "flake-utils",
        "type": "github"
      }
    },
    "flake-utils_2": {
      "inputs": {
        "systems": "systems_2"
      },
      "locked": {
        "lastModified": 1685518550,
        "narHash": "sha256-o2d0KcvaXzTrPRIo0kOLV0/QXHhDQ5DTi+OxcjO8xqY=",
        "owner": "numtide",
        "repo": "flake-utils",
        "rev": "a1720a10a6cfe8234c0e93907ffe81be440f4cef",
        "type": "github"
      },
      "original": {
        "owner": "numtide",
        "repo": "flake-utils",
        "type": "github"
      }
    },
    "home-manager": {
      "inputs": {
        "nixpkgs": [
          "nixpkgs"
        ]
      },
      "locked": {
        "lastModified": 1713294767,
        "narHash": "sha256-LmaabaQZdx52MPGKPRt9Opoc9Gd9RbwvCdysUUYQoXI=",
        "owner": "nix-community",
        "repo": "home-manager",
        "rev": "fa8c16e2452bf092ac76f09ee1fb1e9f7d0796e7",
        "type": "github"
      },
      "original": {
        "owner": "nix-community",
        "repo": "home-manager",
        "type": "github"
      }
    },
    "nixpkgs": {
      "locked": {
        "lastModified": 1713248628,
        "narHash": "sha256-NLznXB5AOnniUtZsyy/aPWOk8ussTuePp2acb9U+ISA=",
        "owner": "nixos",
        "repo": "nixpkgs",
        "rev": "5672bc9dbf9d88246ddab5ac454e82318d094bb8",
        "type": "github"
      },
      "original": {
        "owner": "nixos",
        "ref": "nixos-unstable",
        "repo": "nixpkgs",
        "type": "github"
      }
    },
    "nixpkgs_2": {
      "locked": {
        "lastModified": 1686020360,
        "narHash": "sha256-Wee7lIlZ6DIZHHLiNxU5KdYZQl0iprENXa/czzI6Cj4=",
        "owner": "NixOS",
        "repo": "nixpkgs",
        "rev": "4729ffac6fd12e26e5a8de002781ffc49b0e94b7",
        "type": "github"
      },
      "original": {
        "owner": "NixOS",
        "ref": "nixos-unstable",
        "repo": "nixpkgs",
        "type": "github"
      }
    },
    "nur": {
      "locked": {
        "lastModified": 1713378668,
        "narHash": "sha256-bVAtjhMGtb5GNIFOeYxJ+svisaqRmDjNYK1EfOqPNnE=",
        "owner": "nix-community",
        "repo": "NUR",
        "rev": "697a6d1e583326d1f3ba1b1cf3f168c1ea6c68ee",
        "type": "github"
      },
      "original": {
        "owner": "nix-community",
        "repo": "NUR",
        "type": "github"
      }
    },
    "root": {
      "inputs": {
        "any-nix-shell": "any-nix-shell",
        "home-manager": "home-manager",
        "nixpkgs": "nixpkgs",
        "nur": "nur",
        "spicetify-nix": "spicetify-nix"
      }
    },
    "spicetify-nix": {
      "inputs": {
        "flake-utils": "flake-utils_2",
        "nixpkgs": "nixpkgs_2"
      },
      "locked": {
        "lastModified": 1704167711,
        "narHash": "sha256-kFDq+kf/Di/P8bq5sUP8pVwRkrSVrABksBjMPmLic3s=",
        "owner": "the-argus",
        "repo": "spicetify-nix",
        "rev": "1325416f951d6a82cfddb1289864ad782e2b87c4",
        "type": "github"
      },
      "original": {
        "owner": "the-argus",
        "repo": "spicetify-nix",
        "type": "github"
      }
    },
    "systems": {
      "locked": {
        "lastModified": 1681028828,
        "narHash": "sha256-Vy1rq5AaRuLzOxct8nz4T6wlgyUR7zLU309k9mBC768=",
        "owner": "nix-systems",
        "repo": "default",
        "rev": "da67096a3b9bf56a91d16901293e51ba5b49a27e",
        "type": "github"
      },
      "original": {
        "owner": "nix-systems",
        "repo": "default",
        "type": "github"
      }
    },
    "systems_2": {
      "locked": {
        "lastModified": 1681028828,
        "narHash": "sha256-Vy1rq5AaRuLzOxct8nz4T6wlgyUR7zLU309k9mBC768=",
        "owner": "nix-systems",
        "repo": "default",
        "rev": "da67096a3b9bf56a91d16901293e51ba5b49a27e",
        "type": "github"
      },
      "original": {
        "owner": "nix-systems",
        "repo": "default",
        "type": "github"
      }
    }
  },
  "root": "root",
  "version": 7
}
