{
  "nodes": {
    "Betterfox": {
      "flake": false,
      "locked": {
        "lastModified": 1757098402,
        "narHash": "sha256-aTNEsopnGVueM7MZaYMPUMSJDJeADpvM33UcgO8nz88=",
        "owner": "yokoffing",
        "repo": "Betterfox",
        "rev": "7b3cee24cc7438eef040270b0464cde932e98ffb",
        "type": "github"
      },
      "original": {
        "owner": "yokoffing",
        "repo": "Betterfox",
        "type": "github"
      }
    },
    "any-nix-shell": {
      "inputs": {
        "flake-utils": "flake-utils",
        "nixpkgs": [
          "nixpkgs"
        ]
      },
      "locked": {
        "lastModified": 1713381970,
        "narHash": "sha256-c8+5tGI08JEQ+cjsyj1VT3+FTkqrlHrFjnN6Dmy2eRM=",
        "owner": "The1Penguin",
        "repo": "any-nix-shell",
        "rev": "a1203dd080a6ce1a57314fdce7ff903c82f330a2",
        "type": "github"
      },
      "original": {
        "owner": "The1Penguin",
        "ref": "nix_develop",
        "repo": "any-nix-shell",
        "type": "github"
      }
    },
    "catppuccin": {
      "inputs": {
        "nixpkgs": [
          "nixpkgs"
        ]
      },
      "locked": {
        "lastModified": 1758270360,
        "narHash": "sha256-yqh6EEhlpVWRoKl85o1s+QZ72UHWTvornnc3C0Ls484=",
        "owner": "catppuccin",
        "repo": "nix",
        "rev": "2e0aacdd6abbecd1b1c0511a2fcd1460a6bc6645",
        "type": "github"
      },
      "original": {
        "owner": "catppuccin",
        "repo": "nix",
        "type": "github"
      }
    },
    "flake-parts": {
      "inputs": {
        "nixpkgs-lib": "nixpkgs-lib"
      },
      "locked": {
        "lastModified": 1756770412,
        "narHash": "sha256-+uWLQZccFHwqpGqr2Yt5VsW/PbeJVTn9Dk6SHWhNRPw=",
        "owner": "hercules-ci",
        "repo": "flake-parts",
        "rev": "4524271976b625a4a605beefd893f270620fd751",
        "type": "github"
      },
      "original": {
        "owner": "hercules-ci",
        "repo": "flake-parts",
        "type": "github"
      }
    },
    "flake-parts_2": {
      "inputs": {
        "nixpkgs-lib": [
          "nur",
          "nixpkgs"
        ]
      },
      "locked": {
        "lastModified": 1733312601,
        "narHash": "sha256-4pDvzqnegAfRkPwO3wmwBhVi/Sye1mzps0zHWYnP88c=",
        "owner": "hercules-ci",
        "repo": "flake-parts",
        "rev": "205b12d8b7cd4802fbcb8e8ef6a0f1408781a4f9",
        "type": "github"
      },
      "original": {
        "owner": "hercules-ci",
        "repo": "flake-parts",
        "type": "github"
      }
    },
    "flake-utils": {
      "inputs": {
        "systems": "systems"
      },
      "locked": {
        "lastModified": 1701680307,
        "narHash": "sha256-kAuep2h5ajznlPMD9rnQyffWG8EM/C73lejGofXvdM8=",
        "owner": "numtide",
        "repo": "flake-utils",
        "rev": "4022d587cbbfd70fe950c1e2083a02621806a725",
        "type": "github"
      },
      "original": {
        "owner": "numtide",
        "repo": "flake-utils",
        "type": "github"
      }
    },
    "flake-utils_2": {
      "inputs": {
        "systems": "systems_2"
      },
      "locked": {
        "lastModified": 1731533236,
        "narHash": "sha256-l0KFg5HjrsfsO/JpG+r7fRrqm12kzFHyUHqHCVpMMbI=",
        "owner": "numtide",
        "repo": "flake-utils",
        "rev": "11707dc2f618dd54ca8739b309ec4fc024de578b",
        "type": "github"
      },
      "original": {
        "owner": "numtide",
        "repo": "flake-utils",
        "type": "github"
      }
    },
    "flakey-profile": {
      "locked": {
        "lastModified": 1712898590,
        "narHash": "sha256-FhGIEU93VHAChKEXx905TSiPZKga69bWl1VB37FK//I=",
        "owner": "lf-",
        "repo": "flakey-profile",
        "rev": "243c903fd8eadc0f63d205665a92d4df91d42d9d",
        "type": "github"
      },
      "original": {
        "owner": "lf-",
        "repo": "flakey-profile",
        "type": "github"
      }
    },
    "flow": {
      "inputs": {
        "flake-parts": "flake-parts",
        "flow": "flow_2",
        "nixpkgs": [
          "nixpkgs"
        ]
      },
      "locked": {
        "lastModified": 1757592634,
        "narHash": "sha256-4vl4+plrGey+zk1jn6Pe8QBASwo8DNTMtO8yF7UyvwE=",
        "owner": "The1Penguin",
        "repo": "flow-flake",
        "rev": "a92d001083f612595ac40ad60e604ee8f241b69c",
        "type": "github"
      },
      "original": {
        "owner": "The1Penguin",
        "repo": "flow-flake",
        "type": "github"
      }
    },
    "flow_2": {
      "flake": false,
      "locked": {
        "lastModified": 1742148769,
        "narHash": "sha256-/xfRNRHVCQVh9NxLsqD1u1c0ogIG4yk0vMyaOO8ijIE=",
        "owner": "stefur",
        "repo": "flow",
        "rev": "4130ca99e0c2ec3800e2a84e0969aad636e11e2b",
        "type": "github"
      },
      "original": {
        "owner": "stefur",
        "repo": "flow",
        "type": "github"
      }
    },
    "home-manager": {
      "inputs": {
        "nixpkgs": [
          "nixpkgs"
        ]
      },
      "locked": {
        "lastModified": 1758786164,
        "narHash": "sha256-o1WyZI2T7yPywiY06Swt8AZH/ewKU1nLqDw8fw1fwPc=",
        "owner": "nix-community",
        "repo": "home-manager",
        "rev": "232454052008027c8e925979d13a951e92729781",
        "type": "github"
      },
      "original": {
        "owner": "nix-community",
        "repo": "home-manager",
        "type": "github"
      }
    },
    "lix": {
      "flake": false,
      "locked": {
        "lastModified": 1755787066,
        "narHash": "sha256-X2UwkUEban08GRSPXRr+kz8fckHqebr3P77qSvjoeOw=",
        "rev": "ac9721a92e8138d29707824dbedb484c76948493",
        "type": "tarball",
        "url": "https://git.lix.systems/api/v1/repos/lix-project/lix/archive/ac9721a92e8138d29707824dbedb484c76948493.tar.gz?rev=ac9721a92e8138d29707824dbedb484c76948493"
      },
      "original": {
        "type": "tarball",
        "url": "https://git.lix.systems/lix-project/lix/archive/main.tar.gz"
      }
    },
    "lix-module": {
      "inputs": {
        "flake-utils": "flake-utils_2",
        "flakey-profile": "flakey-profile",
        "lix": "lix",
        "nixpkgs": [
          "nixpkgs"
        ]
      },
      "locked": {
        "lastModified": 1756511062,
        "narHash": "sha256-IgD1JR7scSEwlK/YAbmrcTWpAYT30LPldCUHdzXkaMs=",
        "ref": "refs/heads/main",
        "rev": "3f09a5eb772e02d98bb8878ab687d5b721f00d16",
        "revCount": 162,
        "type": "git",
        "url": "https://git.lix.systems/lix-project/nixos-module"
      },
      "original": {
        "type": "git",
        "url": "https://git.lix.systems/lix-project/nixos-module"
      }
    },
    "niri": {
      "inputs": {
        "niri-stable": "niri-stable",
        "niri-unstable": "niri-unstable",
        "nixpkgs": [
          "nixpkgs"
        ],
        "nixpkgs-stable": "nixpkgs-stable",
        "xwayland-satellite-stable": "xwayland-satellite-stable",
        "xwayland-satellite-unstable": "xwayland-satellite-unstable"
      },
      "locked": {
        "lastModified": 1758697829,
        "narHash": "sha256-1pO4A16ssvjHNyHilpvxo15mBkAifCSOiLs3hBlrYdU=",
        "owner": "sodiboo",
        "repo": "niri-flake",
        "rev": "9dbeb8f613d2da107bff8375c2db7182a2bb79bb",
        "type": "github"
      },
      "original": {
        "owner": "sodiboo",
        "repo": "niri-flake",
        "type": "github"
      }
    },
    "niri-stable": {
      "flake": false,
      "locked": {
        "lastModified": 1756556321,
        "narHash": "sha256-RLD89dfjN0RVO86C/Mot0T7aduCygPGaYbog566F0Qo=",
        "owner": "YaLTeR",
        "repo": "niri",
        "rev": "01be0e65f4eb91a9cd624ac0b76aaeab765c7294",
        "type": "github"
      },
      "original": {
        "owner": "YaLTeR",
        "ref": "v25.08",
        "repo": "niri",
        "type": "github"
      }
    },
    "niri-unstable": {
      "flake": false,
      "locked": {
        "lastModified": 1758691861,
        "narHash": "sha256-CYgoGrY/Fx+hjzp8graTxJw1M7mn1f2jBkK26M04T0s=",
        "owner": "YaLTeR",
        "repo": "niri",
        "rev": "e837e39623457dc5ad29c34a5ce4d4616e5fbf1e",
        "type": "github"
      },
      "original": {
        "owner": "YaLTeR",
        "repo": "niri",
        "type": "github"
      }
    },
    "nixos-hardware": {
      "locked": {
        "lastModified": 1758663926,
        "narHash": "sha256-6CFdj7Xs616t1W4jLDH7IohAAvl5Dyib3qEv/Uqw1rk=",
        "owner": "NixOs",
        "repo": "nixos-hardware",
        "rev": "170ff93c860b2a9868ed1e1102d4e52cb3d934e1",
        "type": "github"
      },
      "original": {
        "owner": "NixOs",
        "ref": "master",
        "repo": "nixos-hardware",
        "type": "github"
      }
    },
    "nixos-xivlauncher-rb": {
      "inputs": {
        "nixpkgs": [
          "nixpkgs"
        ]
      },
      "locked": {
        "lastModified": 1758540187,
        "narHash": "sha256-WmsvusgOcVsQ4QIN8CF9YSRv9KHSRWOEYi6osH9bcKs=",
        "owner": "The1Penguin",
        "repo": "nixos-xivlauncher-rb",
        "rev": "0d4c839380b95e0fa7cb2c63a0d5a1fb4d716ff5",
        "type": "github"
      },
      "original": {
        "owner": "The1Penguin",
        "repo": "nixos-xivlauncher-rb",
        "type": "github"
      }
    },
    "nixpkgs": {
      "locked": {
        "lastModified": 1758427187,
        "narHash": "sha256-pHpxZ/IyCwoTQPtFIAG2QaxuSm8jWzrzBGjwQZIttJc=",
        "owner": "nixos",
        "repo": "nixpkgs",
        "rev": "554be6495561ff07b6c724047bdd7e0716aa7b46",
        "type": "github"
      },
      "original": {
        "owner": "nixos",
        "ref": "nixos-unstable",
        "repo": "nixpkgs",
        "type": "github"
      }
    },
    "nixpkgs-lib": {
      "locked": {
        "lastModified": 1754788789,
        "narHash": "sha256-x2rJ+Ovzq0sCMpgfgGaaqgBSwY+LST+WbZ6TytnT9Rk=",
        "owner": "nix-community",
        "repo": "nixpkgs.lib",
        "rev": "a73b9c743612e4244d865a2fdee11865283c04e6",
        "type": "github"
      },
      "original": {
        "owner": "nix-community",
        "repo": "nixpkgs.lib",
        "type": "github"
      }
    },
    "nixpkgs-stable": {
      "locked": {
        "lastModified": 1758589230,
        "narHash": "sha256-zMTCFGe8aVGTEr2RqUi/QzC1nOIQ0N1HRsbqB4f646k=",
        "owner": "NixOS",
        "repo": "nixpkgs",
        "rev": "d1d883129b193f0b495d75c148c2c3a7d95789a0",
        "type": "github"
      },
      "original": {
        "owner": "NixOS",
        "ref": "nixos-25.05",
        "repo": "nixpkgs",
        "type": "github"
      }
    },
    "nixpkgs-stable_2": {
      "locked": {
        "lastModified": 1758589230,
        "narHash": "sha256-zMTCFGe8aVGTEr2RqUi/QzC1nOIQ0N1HRsbqB4f646k=",
        "owner": "nixos",
        "repo": "nixpkgs",
        "rev": "d1d883129b193f0b495d75c148c2c3a7d95789a0",
        "type": "github"
      },
      "original": {
        "owner": "nixos",
        "ref": "nixos-25.05",
        "repo": "nixpkgs",
        "type": "github"
      }
    },
    "nixpkgs_2": {
      "locked": {
        "lastModified": 1758427187,
        "narHash": "sha256-pHpxZ/IyCwoTQPtFIAG2QaxuSm8jWzrzBGjwQZIttJc=",
        "owner": "nixos",
        "repo": "nixpkgs",
        "rev": "554be6495561ff07b6c724047bdd7e0716aa7b46",
        "type": "github"
      },
      "original": {
        "owner": "nixos",
        "ref": "nixos-unstable",
        "repo": "nixpkgs",
        "type": "github"
      }
    },
    "nur": {
      "inputs": {
        "flake-parts": "flake-parts_2",
        "nixpkgs": "nixpkgs_2"
      },
      "locked": {
        "lastModified": 1758790360,
        "narHash": "sha256-y8jfmPQ7KtLG5olCBaoC9t4z0dtJjsuRwOxXnlPJH5E=",
        "owner": "nix-community",
        "repo": "NUR",
        "rev": "037ace1389861cc9e3406e6bc9f2b67851aaee46",
        "type": "github"
      },
      "original": {
        "owner": "nix-community",
        "repo": "NUR",
        "type": "github"
      }
    },
    "nvidia-patch": {
      "inputs": {
        "nixpkgs": [
          "nixpkgs"
        ],
        "utils": "utils"
      },
      "locked": {
        "lastModified": 1758268943,
        "narHash": "sha256-ufkrvMWvS+tgzs5H5iRZn/okuvmSzRLeBf+zUxES6YE=",
        "owner": "icewind1991",
        "repo": "nvidia-patch-nixos",
        "rev": "e7358911c8f611eb1eb8e0758aa668d4d2d55cd9",
        "type": "github"
      },
      "original": {
        "owner": "icewind1991",
        "repo": "nvidia-patch-nixos",
        "type": "github"
      }
    },
    "root": {
      "inputs": {
        "Betterfox": "Betterfox",
        "any-nix-shell": "any-nix-shell",
        "catppuccin": "catppuccin",
        "flow": "flow",
        "home-manager": "home-manager",
        "lix-module": "lix-module",
        "niri": "niri",
        "nixos-hardware": "nixos-hardware",
        "nixos-xivlauncher-rb": "nixos-xivlauncher-rb",
        "nixpkgs": "nixpkgs",
        "nixpkgs-stable": "nixpkgs-stable_2",
        "nur": "nur",
        "nvidia-patch": "nvidia-patch",
        "spicetify-nix": "spicetify-nix"
      }
    },
    "spicetify-nix": {
      "inputs": {
        "nixpkgs": [
          "nixpkgs"
        ],
        "systems": "systems_4"
      },
      "locked": {
        "lastModified": 1758584568,
        "narHash": "sha256-FDxTheW6ynpbro/8eTZHhAY7J+HOf0jXeXq3jrJDcS8=",
        "owner": "Gerg-L",
        "repo": "spicetify-nix",
        "rev": "9e9e48ca16628bf09a02bc5449d4b0761e15eebd",
        "type": "github"
      },
      "original": {
        "owner": "Gerg-L",
        "repo": "spicetify-nix",
        "type": "github"
      }
    },
    "systems": {
      "locked": {
        "lastModified": 1681028828,
        "narHash": "sha256-Vy1rq5AaRuLzOxct8nz4T6wlgyUR7zLU309k9mBC768=",
        "owner": "nix-systems",
        "repo": "default",
        "rev": "da67096a3b9bf56a91d16901293e51ba5b49a27e",
        "type": "github"
      },
      "original": {
        "owner": "nix-systems",
        "repo": "default",
        "type": "github"
      }
    },
    "systems_2": {
      "locked": {
        "lastModified": 1681028828,
        "narHash": "sha256-Vy1rq5AaRuLzOxct8nz4T6wlgyUR7zLU309k9mBC768=",
        "owner": "nix-systems",
        "repo": "default",
        "rev": "da67096a3b9bf56a91d16901293e51ba5b49a27e",
        "type": "github"
      },
      "original": {
        "owner": "nix-systems",
        "repo": "default",
        "type": "github"
      }
    },
    "systems_3": {
      "locked": {
        "lastModified": 1681028828,
        "narHash": "sha256-Vy1rq5AaRuLzOxct8nz4T6wlgyUR7zLU309k9mBC768=",
        "owner": "nix-systems",
        "repo": "default",
        "rev": "da67096a3b9bf56a91d16901293e51ba5b49a27e",
        "type": "github"
      },
      "original": {
        "owner": "nix-systems",
        "repo": "default",
        "type": "github"
      }
    },
    "systems_4": {
      "locked": {
        "lastModified": 1681028828,
        "narHash": "sha256-Vy1rq5AaRuLzOxct8nz4T6wlgyUR7zLU309k9mBC768=",
        "owner": "nix-systems",
        "repo": "default",
        "rev": "da67096a3b9bf56a91d16901293e51ba5b49a27e",
        "type": "github"
      },
      "original": {
        "owner": "nix-systems",
        "repo": "default",
        "type": "github"
      }
    },
    "utils": {
      "inputs": {
        "systems": "systems_3"
      },
      "locked": {
        "lastModified": 1710146030,
        "narHash": "sha256-SZ5L6eA7HJ/nmkzGG7/ISclqe6oZdOZTNoesiInkXPQ=",
        "owner": "numtide",
        "repo": "flake-utils",
        "rev": "b1d9ab70662946ef0850d488da1c9019f3a9752a",
        "type": "github"
      },
      "original": {
        "owner": "numtide",
        "repo": "flake-utils",
        "type": "github"
      }
    },
    "xwayland-satellite-stable": {
      "flake": false,
      "locked": {
        "lastModified": 1755491097,
        "narHash": "sha256-m+9tUfsmBeF2Gn4HWa6vSITZ4Gz1eA1F5Kh62B0N4oE=",
        "owner": "Supreeeme",
        "repo": "xwayland-satellite",
        "rev": "388d291e82ffbc73be18169d39470f340707edaa",
        "type": "github"
      },
      "original": {
        "owner": "Supreeeme",
        "ref": "v0.7",
        "repo": "xwayland-satellite",
        "type": "github"
      }
    },
    "xwayland-satellite-unstable": {
      "flake": false,
      "locked": {
        "lastModified": 1758577423,
        "narHash": "sha256-sB2GAOjhjoWnjU6A/uHNJiY6O3UeztV5pJAN2g1FkXU=",
        "owner": "Supreeeme",
        "repo": "xwayland-satellite",
        "rev": "03368548ba745e17a85bd631613a59cb2d8469a4",
        "type": "github"
      },
      "original": {
        "owner": "Supreeeme",
        "repo": "xwayland-satellite",
        "type": "github"
      }
    }
  },
  "root": "root",
  "version": 7
}
